
Microsoft Visual Studio Solution File, Format Version 12.00
# Visual Studio Version 17
VisualStudioVersion = 17.11.35312.102
MinimumVisualStudioVersion = 10.0.40219.1
Project("{00D1A9C2-B5F0-4AF3-8072-F6C62B433612}") = "Database", "Database.sqlproj", "{37C95EAF-AD8B-467C-BB31-EAED4B8E80F0}"
EndProject
Global
	GlobalSection(SolutionConfigurationPlatforms) = preSolution
		Debug|Any CPU = Debug|Any CPU
		Release|Any CPU = Release|Any CPU
	EndGlobalSection
	GlobalSection(ProjectConfigurationPlatforms) = postSolution
		{37C95EAF-AD8B-467C-BB31-EAED4B8E80F0}.Debug|Any CPU.ActiveCfg = Debug|Any CPU
		{37C95EAF-AD8B-467C-BB31-EAED4B8E80F0}.Debug|Any CPU.Build.0 = Debug|Any CPU
		{37C95EAF-AD8B-467C-BB31-EAED4B8E80F0}.Debug|Any CPU.Deploy.0 = Debug|Any CPU
		{37C95EAF-AD8B-467C-BB31-EAED4B8E80F0}.Release|Any CPU.ActiveCfg = Release|Any CPU
		{37C95EAF-AD8B-467C-BB31-EAED4B8E80F0}.Release|Any CPU.Build.0 = Release|Any CPU
		{37C95EAF-AD8B-467C-BB31-EAED4B8E80F0}.Release|Any CPU.Deploy.0 = Release|Any CPU
	EndGlobalSection
	GlobalSection(SolutionProperties) = preSolution
		HideSolutionNode = FALSE
	EndGlobalSection
	GlobalSection(ExtensibilityGlobals) = postSolution
		SolutionGuid = {C8CC5396-C701-498F-AC1A-661FFF0C41F1}
	EndGlobalSection
EndGlobal
